
Microsoft Visual Studio Solution File, Format Version 12.00
# Visual Studio Version 16
VisualStudioVersion = 16.0.30309.148
MinimumVisualStudioVersion = 10.0.40219.1
Project("{9A19103F-16F7-4668-BE54-9A1E7A4F7556}") = "BlogServer.App", "BlogServer.App\BlogServer.App.csproj", "{D15B3C29-6370-4EEC-B250-4AA2606A1A25}"
EndProject
Project("{9A19103F-16F7-4668-BE54-9A1E7A4F7556}") = "BlogServer.Data", "BlogServer.Data\BlogServer.Data.csproj", "{7EF3CA32-DC2C-48F9-8E3B-4C9924719E5C}"
EndProject
Project("{9A19103F-16F7-4668-BE54-9A1E7A4F7556}") = "BlogServer.Models", "BlogServer.Models\BlogServer.Models.csproj", "{BB83EAA0-3C30-4C2E-9257-83CAA8499799}"
EndProject
Project("{9A19103F-16F7-4668-BE54-9A1E7A4F7556}") = "BlogServer.Services", "BlogServer.Services\BlogServer.Services.csproj", "{7D4CBEC4-DF71-45CE-9A0C-014C9E3E5C50}"
EndProject
Project("{FAE04EC0-301F-11D3-BF4B-00C04F79EFBC}") = "BlogServer.Utilities", "BlogServer.Utilities\BlogServer.Utilities.csproj", "{99889D34-5447-4239-BB69-A23C8FEC50D8}"
EndProject
Global
	GlobalSection(SolutionConfigurationPlatforms) = preSolution
		Debug|Any CPU = Debug|Any CPU
		Release|Any CPU = Release|Any CPU
	EndGlobalSection
	GlobalSection(ProjectConfigurationPlatforms) = postSolution
		{D15B3C29-6370-4EEC-B250-4AA2606A1A25}.Debug|Any CPU.ActiveCfg = Debug|Any CPU
		{D15B3C29-6370-4EEC-B250-4AA2606A1A25}.Debug|Any CPU.Build.0 = Debug|Any CPU
		{D15B3C29-6370-4EEC-B250-4AA2606A1A25}.Release|Any CPU.ActiveCfg = Release|Any CPU
		{D15B3C29-6370-4EEC-B250-4AA2606A1A25}.Release|Any CPU.Build.0 = Release|Any CPU
		{7EF3CA32-DC2C-48F9-8E3B-4C9924719E5C}.Debug|Any CPU.ActiveCfg = Debug|Any CPU
		{7EF3CA32-DC2C-48F9-8E3B-4C9924719E5C}.Debug|Any CPU.Build.0 = Debug|Any CPU
		{7EF3CA32-DC2C-48F9-8E3B-4C9924719E5C}.Release|Any CPU.ActiveCfg = Release|Any CPU
		{7EF3CA32-DC2C-48F9-8E3B-4C9924719E5C}.Release|Any CPU.Build.0 = Release|Any CPU
		{BB83EAA0-3C30-4C2E-9257-83CAA8499799}.Debug|Any CPU.ActiveCfg = Debug|Any CPU
		{BB83EAA0-3C30-4C2E-9257-83CAA8499799}.Debug|Any CPU.Build.0 = Debug|Any CPU
		{BB83EAA0-3C30-4C2E-9257-83CAA8499799}.Release|Any CPU.ActiveCfg = Release|Any CPU
		{BB83EAA0-3C30-4C2E-9257-83CAA8499799}.Release|Any CPU.Build.0 = Release|Any CPU
		{7D4CBEC4-DF71-45CE-9A0C-014C9E3E5C50}.Debug|Any CPU.ActiveCfg = Debug|Any CPU
		{7D4CBEC4-DF71-45CE-9A0C-014C9E3E5C50}.Debug|Any CPU.Build.0 = Debug|Any CPU
		{7D4CBEC4-DF71-45CE-9A0C-014C9E3E5C50}.Release|Any CPU.ActiveCfg = Release|Any CPU
		{7D4CBEC4-DF71-45CE-9A0C-014C9E3E5C50}.Release|Any CPU.Build.0 = Release|Any CPU
		{99889D34-5447-4239-BB69-A23C8FEC50D8}.Debug|Any CPU.ActiveCfg = Debug|Any CPU
		{99889D34-5447-4239-BB69-A23C8FEC50D8}.Debug|Any CPU.Build.0 = Debug|Any CPU
		{99889D34-5447-4239-BB69-A23C8FEC50D8}.Release|Any CPU.ActiveCfg = Release|Any CPU
		{99889D34-5447-4239-BB69-A23C8FEC50D8}.Release|Any CPU.Build.0 = Release|Any CPU
	EndGlobalSection
	GlobalSection(SolutionProperties) = preSolution
		HideSolutionNode = FALSE
	EndGlobalSection
	GlobalSection(ExtensibilityGlobals) = postSolution
		SolutionGuid = {ACEC117D-DCC6-4224-B289-B863C02EB446}
	EndGlobalSection
EndGlobal
